
Microsoft Visual Studio Solution File, Format Version 12.00
# Visual Studio Version 17
VisualStudioVersion = 17.11.35312.102
MinimumVisualStudioVersion = 10.0.40219.1
Project("{9A19103F-16F7-4668-BE54-9A1E7A4F7556}") = "BmiCheckSystem", "BmiCheckSystem.csproj", "{D9503556-52E5-4539-89EE-15CF951D5790}"
EndProject
Global
	GlobalSection(SolutionConfigurationPlatforms) = preSolution
		Debug|Any CPU = Debug|Any CPU
		Release|Any CPU = Release|Any CPU
	EndGlobalSection
	GlobalSection(ProjectConfigurationPlatforms) = postSolution
		{D9503556-52E5-4539-89EE-15CF951D5790}.Debug|Any CPU.ActiveCfg = Debug|Any CPU
		{D9503556-52E5-4539-89EE-15CF951D5790}.Debug|Any CPU.Build.0 = Debug|Any CPU
		{D9503556-52E5-4539-89EE-15CF951D5790}.Release|Any CPU.ActiveCfg = Release|Any CPU
		{D9503556-52E5-4539-89EE-15CF951D5790}.Release|Any CPU.Build.0 = Release|Any CPU
	EndGlobalSection
	GlobalSection(SolutionProperties) = preSolution
		HideSolutionNode = FALSE
	EndGlobalSection
	GlobalSection(ExtensibilityGlobals) = postSolution
		SolutionGuid = {1B6E6FA4-628C-4C0C-BE58-203D579C2B54}
	EndGlobalSection
EndGlobal
